
Microsoft Visual Studio Solution File, Format Version 12.00
# Visual Studio Version 17
VisualStudioVersion = 17.8.34525.116
MinimumVisualStudioVersion = 10.0.40219.1
Project("{FAE04EC0-301F-11D3-BF4B-00C04F79EFBC}") = "Recetas3107", "Recetas3107\Recetas3107.csproj", "{DA0C4A22-30A7-41C9-BB9E-2F99E6625B00}"
EndProject
Global
	GlobalSection(SolutionConfigurationPlatforms) = preSolution
		Debug|Any CPU = Debug|Any CPU
		Release|Any CPU = Release|Any CPU
	EndGlobalSection
	GlobalSection(ProjectConfigurationPlatforms) = postSolution
		{DA0C4A22-30A7-41C9-BB9E-2F99E6625B00}.Debug|Any CPU.ActiveCfg = Debug|Any CPU
		{DA0C4A22-30A7-41C9-BB9E-2F99E6625B00}.Debug|Any CPU.Build.0 = Debug|Any CPU
		{DA0C4A22-30A7-41C9-BB9E-2F99E6625B00}.Release|Any CPU.ActiveCfg = Release|Any CPU
		{DA0C4A22-30A7-41C9-BB9E-2F99E6625B00}.Release|Any CPU.Build.0 = Release|Any CPU
	EndGlobalSection
	GlobalSection(SolutionProperties) = preSolution
		HideSolutionNode = FALSE
	EndGlobalSection
	GlobalSection(ExtensibilityGlobals) = postSolution
		SolutionGuid = {2DDA428F-AF30-4AE8-8264-60988D9264DB}
	EndGlobalSection
EndGlobal
